
Microsoft Visual Studio Solution File, Format Version 12.00
# Visual Studio Version 17
VisualStudioVersion = 17.11.35312.102
MinimumVisualStudioVersion = 10.0.40219.1
Project("{FAE04EC0-301F-11D3-BF4B-00C04F79EFBC}") = "KanbanBoard", "KanbanBoard\KanbanBoard.csproj", "{86491D53-0EE7-4833-B296-45C1862A907B}"
EndProject
Global
	GlobalSection(SolutionConfigurationPlatforms) = preSolution
		Debug|Any CPU = Debug|Any CPU
		Release|Any CPU = Release|Any CPU
	EndGlobalSection
	GlobalSection(ProjectConfigurationPlatforms) = postSolution
		{86491D53-0EE7-4833-B296-45C1862A907B}.Debug|Any CPU.ActiveCfg = Debug|Any CPU
		{86491D53-0EE7-4833-B296-45C1862A907B}.Debug|Any CPU.Build.0 = Debug|Any CPU
		{86491D53-0EE7-4833-B296-45C1862A907B}.Release|Any CPU.ActiveCfg = Release|Any CPU
		{86491D53-0EE7-4833-B296-45C1862A907B}.Release|Any CPU.Build.0 = Release|Any CPU
	EndGlobalSection
	GlobalSection(SolutionProperties) = preSolution
		HideSolutionNode = FALSE
	EndGlobalSection
	GlobalSection(ExtensibilityGlobals) = postSolution
		SolutionGuid = {F1EBE3CD-8B4C-4148-835A-0775B0729737}
	EndGlobalSection
EndGlobal
